// !$*UTF8*$!
{
	archiveVersion = 1;
	classes = {
	};
	objectVersion = 55;
	objects = {

/* Begin PBXBuildFile section */
		22652949286C17DC003895F2 /* XiamiCalApp.swift in Sources */ = {isa = PBXBuildFile; fileRef = 22652948286C17DC003895F2 /* XiamiCalApp.swift */; };
		2265294B286C17DC003895F2 /* ContentView.swift in Sources */ = {isa = PBXBuildFile; fileRef = 2265294A286C17DC003895F2 /* ContentView.swift */; };
		2265294D286C17DE003895F2 /* Assets.xcassets in Resources */ = {isa = PBXBuildFile; fileRef = 2265294C286C17DE003895F2 /* Assets.xcassets */; };
		22652950286C17DE003895F2 /* Preview Assets.xcassets in Resources */ = {isa = PBXBuildFile; fileRef = 2265294F286C17DE003895F2 /* Preview Assets.xcassets */; };
		22859F3C286C409500F0031D /* DateCalculator.swift in Sources */ = {isa = PBXBuildFile; fileRef = 22859F3B286C409500F0031D /* DateCalculator.swift */; };
		22859F3E286D113A00F0031D /* CalendarHeader.swift in Sources */ = {isa = PBXBuildFile; fileRef = 22859F3D286D113A00F0031D /* CalendarHeader.swift */; };
		22859F40286D1A1200F0031D /* Zodiacs.swift in Sources */ = {isa = PBXBuildFile; fileRef = 22859F3F286D1A1200F0031D /* Zodiacs.swift */; };
		22859F42286D1CB600F0031D /* CalendarView.swift in Sources */ = {isa = PBXBuildFile; fileRef = 22859F41286D1CB600F0031D /* CalendarView.swift */; };
		22859F4428729B5300F0031D /* HolidayUtils.swift in Sources */ = {isa = PBXBuildFile; fileRef = 22859F4328729B5300F0031D /* HolidayUtils.swift */; };
		22859F4628729BA700F0031D /* Utils.swift in Sources */ = {isa = PBXBuildFile; fileRef = 22859F4528729BA700F0031D /* Utils.swift */; };
/* End PBXBuildFile section */

/* Begin PBXFileReference section */
		22652945286C17DC003895F2 /* XiamiCal.app */ = {isa = PBXFileReference; explicitFileType = wrapper.application; includeInIndex = 0; path = XiamiCal.app; sourceTree = BUILT_PRODUCTS_DIR; };
		22652948286C17DC003895F2 /* XiamiCalApp.swift */ = {isa = PBXFileReference; lastKnownFileType = sourcecode.swift; path = XiamiCalApp.swift; sourceTree = "<group>"; };
		2265294A286C17DC003895F2 /* ContentView.swift */ = {isa = PBXFileReference; lastKnownFileType = sourcecode.swift; path = ContentView.swift; sourceTree = "<group>"; };
		2265294C286C17DE003895F2 /* Assets.xcassets */ = {isa = PBXFileReference; lastKnownFileType = folder.assetcatalog; path = Assets.xcassets; sourceTree = "<group>"; };
		2265294F286C17DE003895F2 /* Preview Assets.xcassets */ = {isa = PBXFileReference; lastKnownFileType = folder.assetcatalog; path = "Preview Assets.xcassets"; sourceTree = "<group>"; };
		22652951286C17DE003895F2 /* XiamiCal.entitlements */ = {isa = PBXFileReference; lastKnownFileType = text.plist.entitlements; path = XiamiCal.entitlements; sourceTree = "<group>"; };
		22652957286C1839003895F2 /* Info.plist */ = {isa = PBXFileReference; lastKnownFileType = text.plist; path = Info.plist; sourceTree = "<group>"; };
		22859F3B286C409500F0031D /* DateCalculator.swift */ = {isa = PBXFileReference; lastKnownFileType = sourcecode.swift; path = DateCalculator.swift; sourceTree = "<group>"; };
		22859F3D286D113A00F0031D /* CalendarHeader.swift */ = {isa = PBXFileReference; lastKnownFileType = sourcecode.swift; path = CalendarHeader.swift; sourceTree = "<group>"; };
		22859F3F286D1A1200F0031D /* Zodiacs.swift */ = {isa = PBXFileReference; lastKnownFileType = sourcecode.swift; path = Zodiacs.swift; sourceTree = "<group>"; };
		22859F41286D1CB600F0031D /* CalendarView.swift */ = {isa = PBXFileReference; lastKnownFileType = sourcecode.swift; path = CalendarView.swift; sourceTree = "<group>"; };
		22859F4328729B5300F0031D /* HolidayUtils.swift */ = {isa = PBXFileReference; lastKnownFileType = sourcecode.swift; path = HolidayUtils.swift; sourceTree = "<group>"; };
		22859F4528729BA700F0031D /* Utils.swift */ = {isa = PBXFileReference; lastKnownFileType = sourcecode.swift; path = Utils.swift; sourceTree = "<group>"; };
/* End PBXFileReference section */

/* Begin PBXFrameworksBuildPhase section */
		22652942286C17DC003895F2 /* Frameworks */ = {
			isa = PBXFrameworksBuildPhase;
			buildActionMask = 2147483647;
			files = (
			);
			runOnlyForDeploymentPostprocessing = 0;
		};
/* End PBXFrameworksBuildPhase section */

/* Begin PBXGroup section */
		2265293C286C17DC003895F2 = {
			isa = PBXGroup;
			children = (
				22652947286C17DC003895F2 /* XiamiCal */,
				22652946286C17DC003895F2 /* Products */,
			);
			sourceTree = "<group>";
		};
		22652946286C17DC003895F2 /* Products */ = {
			isa = PBXGroup;
			children = (
				22652945286C17DC003895F2 /* XiamiCal.app */,
			);
			name = Products;
			sourceTree = "<group>";
		};
		22652947286C17DC003895F2 /* XiamiCal */ = {
			isa = PBXGroup;
			children = (
				22652957286C1839003895F2 /* Info.plist */,
				22652948286C17DC003895F2 /* XiamiCalApp.swift */,
				22859F3D286D113A00F0031D /* CalendarHeader.swift */,
				22859F41286D1CB600F0031D /* CalendarView.swift */,
				2265294A286C17DC003895F2 /* ContentView.swift */,
				22859F3B286C409500F0031D /* DateCalculator.swift */,
				22859F4328729B5300F0031D /* HolidayUtils.swift */,
				22859F4528729BA700F0031D /* Utils.swift */,
				22859F3F286D1A1200F0031D /* Zodiacs.swift */,
				2265294C286C17DE003895F2 /* Assets.xcassets */,
				22652951286C17DE003895F2 /* XiamiCal.entitlements */,
				2265294E286C17DE003895F2 /* Preview Content */,
			);
			path = XiamiCal;
			sourceTree = "<group>";
		};
		2265294E286C17DE003895F2 /* Preview Content */ = {
			isa = PBXGroup;
			children = (
				2265294F286C17DE003895F2 /* Preview Assets.xcassets */,
			);
			path = "Preview Content";
			sourceTree = "<group>";
		};
/* End PBXGroup section */

/* Begin PBXNativeTarget section */
		22652944286C17DC003895F2 /* XiamiCal */ = {
			isa = PBXNativeTarget;
			buildConfigurationList = 22652954286C17DE003895F2 /* Build configuration list for PBXNativeTarget "XiamiCal" */;
			buildPhases = (
				22652941286C17DC003895F2 /* Sources */,
				22652942286C17DC003895F2 /* Frameworks */,
				22652943286C17DC003895F2 /* Resources */,
			);
			buildRules = (
			);
			dependencies = (
			);
			name = XiamiCal;
			productName = XiamiCal;
			productReference = 22652945286C17DC003895F2 /* XiamiCal.app */;
			productType = "com.apple.product-type.application";
		};
/* End PBXNativeTarget section */

/* Begin PBXProject section */
		2265293D286C17DC003895F2 /* Project object */ = {
			isa = PBXProject;
			attributes = {
				BuildIndependentTargetsInParallel = 1;
				LastSwiftUpdateCheck = 1340;
				LastUpgradeCheck = 1340;
				TargetAttributes = {
					22652944286C17DC003895F2 = {
						CreatedOnToolsVersion = 13.4;
					};
				};
			};
			buildConfigurationList = 22652940286C17DC003895F2 /* Build configuration list for PBXProject "XiamiCal" */;
			compatibilityVersion = "Xcode 13.0";
			developmentRegion = en;
			hasScannedForEncodings = 0;
			knownRegions = (
				en,
				Base,
			);
			mainGroup = 2265293C286C17DC003895F2;
			productRefGroup = 22652946286C17DC003895F2 /* Products */;
			projectDirPath = "";
			projectRoot = "";
			targets = (
				22652944286C17DC003895F2 /* XiamiCal */,
			);
		};
/* End PBXProject section */

/* Begin PBXResourcesBuildPhase section */
		22652943286C17DC003895F2 /* Resources */ = {
			isa = PBXResourcesBuildPhase;
			buildActionMask = 2147483647;
			files = (
				22652950286C17DE003895F2 /* Preview Assets.xcassets in Resources */,
				2265294D286C17DE003895F2 /* Assets.xcassets in Resources */,
			);
			runOnlyForDeploymentPostprocessing = 0;
		};
/* End PBXResourcesBuildPhase section */

/* Begin PBXSourcesBuildPhase section */
		22652941286C17DC003895F2 /* Sources */ = {
			isa = PBXSourcesBuildPhase;
			buildActionMask = 2147483647;
			files = (
				22859F3C286C409500F0031D /* DateCalculator.swift in Sources */,
				22859F40286D1A1200F0031D /* Zodiacs.swift in Sources */,
				22859F42286D1CB600F0031D /* CalendarView.swift in Sources */,
				22859F4428729B5300F0031D /* HolidayUtils.swift in Sources */,
				2265294B286C17DC003895F2 /* ContentView.swift in Sources */,
				22859F3E286D113A00F0031D /* CalendarHeader.swift in Sources */,
				22652949286C17DC003895F2 /* XiamiCalApp.swift in Sources */,
				22859F4628729BA700F0031D /* Utils.swift in Sources */,
			);
			runOnlyForDeploymentPostprocessing = 0;
		};
/* End PBXSourcesBuildPhase section */

/* Begin XCBuildConfiguration section */
		22652952286C17DE003895F2 /* Debug */ = {
			isa = XCBuildConfiguration;
			buildSettings = {
				ALWAYS_SEARCH_USER_PATHS = NO;
				CLANG_ANALYZER_NONNULL = YES;
				CLANG_ANALYZER_NUMBER_OBJECT_CONVERSION = YES_AGGRESSIVE;
				CLANG_CXX_LANGUAGE_STANDARD = "gnu++17";
				CLANG_ENABLE_MODULES = YES;
				CLANG_ENABLE_OBJC_ARC = YES;
				CLANG_ENABLE_OBJC_WEAK = YES;
				CLANG_WARN_BLOCK_CAPTURE_AUTORELEASING = YES;
				CLANG_WARN_BOOL_CONVERSION = YES;
				CLANG_WARN_COMMA = YES;
				CLANG_WARN_CONSTANT_CONVERSION = YES;
				CLANG_WARN_DEPRECATED_OBJC_IMPLEMENTATIONS = YES;
				CLANG_WARN_DIRECT_OBJC_ISA_USAGE = YES_ERROR;
				CLANG_WARN_DOCUMENTATION_COMMENTS = YES;
				CLANG_WARN_EMPTY_BODY = YES;
				CLANG_WARN_ENUM_CONVERSION = YES;
				CLANG_WARN_INFINITE_RECURSION = YES;
				CLANG_WARN_INT_CONVERSION = YES;
				CLANG_WARN_NON_LITERAL_NULL_CONVERSION = YES;
				CLANG_WARN_OBJC_IMPLICIT_RETAIN_SELF = YES;
				CLANG_WARN_OBJC_LITERAL_CONVERSION = YES;
				CLANG_WARN_OBJC_ROOT_CLASS = YES_ERROR;
				CLANG_WARN_QUOTED_INCLUDE_IN_FRAMEWORK_HEADER = YES;
				CLANG_WARN_RANGE_LOOP_ANALYSIS = YES;
				CLANG_WARN_STRICT_PROTOTYPES = YES;
				CLANG_WARN_SUSPICIOUS_MOVE = YES;
				CLANG_WARN_UNGUARDED_AVAILABILITY = YES_AGGRESSIVE;
				CLANG_WARN_UNREACHABLE_CODE = YES;
				CLANG_WARN__DUPLICATE_METHOD_MATCH = YES;
				COPY_PHASE_STRIP = NO;
				DEBUG_INFORMATION_FORMAT = dwarf;
				ENABLE_STRICT_OBJC_MSGSEND = YES;
				ENABLE_TESTABILITY = YES;
				GCC_C_LANGUAGE_STANDARD = gnu11;
				GCC_DYNAMIC_NO_PIC = NO;
				GCC_NO_COMMON_BLOCKS = YES;
				GCC_OPTIMIZATION_LEVEL = 0;
				GCC_PREPROCESSOR_DEFINITIONS = (
					"DEBUG=1",
					"$(inherited)",
				);
				GCC_WARN_64_TO_32_BIT_CONVERSION = YES;
				GCC_WARN_ABOUT_RETURN_TYPE = YES_ERROR;
				GCC_WARN_UNDECLARED_SELECTOR = YES;
				GCC_WARN_UNINITIALIZED_AUTOS = YES_AGGRESSIVE;
				GCC_WARN_UNUSED_FUNCTION = YES;
				GCC_WARN_UNUSED_VARIABLE = YES;
				MACOSX_DEPLOYMENT_TARGET = 12.3;
				MTL_ENABLE_DEBUG_INFO = INCLUDE_SOURCE;
				MTL_FAST_MATH = YES;
				ONLY_ACTIVE_ARCH = YES;
				SDKROOT = macosx;
				SWIFT_ACTIVE_COMPILATION_CONDITIONS = DEBUG;
				SWIFT_OPTIMIZATION_LEVEL = "-Onone";
			};
			name = Debug;
		};
		22652953286C17DE003895F2 /* Release */ = {
			isa = XCBuildConfiguration;
			buildSettings = {
				ALWAYS_SEARCH_USER_PATHS = NO;
				CLANG_ANALYZER_NONNULL = YES;
				CLANG_ANALYZER_NUMBER_OBJECT_CONVERSION = YES_AGGRESSIVE;
				CLANG_CXX_LANGUAGE_STANDARD = "gnu++17";
				CLANG_ENABLE_MODULES = YES;
				CLANG_ENABLE_OBJC_ARC = YES;
				CLANG_ENABLE_OBJC_WEAK = YES;
				CLANG_WARN_BLOCK_CAPTURE_AUTORELEASING = YES;
				CLANG_WARN_BOOL_CONVERSION = YES;
				CLANG_WARN_COMMA = YES;
				CLANG_WARN_CONSTANT_CONVERSION = YES;
				CLANG_WARN_DEPRECATED_OBJC_IMPLEMENTATIONS = YES;
				CLANG_WARN_DIRECT_OBJC_ISA_USAGE = YES_ERROR;
				CLANG_WARN_DOCUMENTATION_COMMENTS = YES;
				CLANG_WARN_EMPTY_BODY = YES;
				CLANG_WARN_ENUM_CONVERSION = YES;
				CLANG_WARN_INFINITE_RECURSION = YES;
				CLANG_WARN_INT_CONVERSION = YES;
				CLANG_WARN_NON_LITERAL_NULL_CONVERSION = YES;
				CLANG_WARN_OBJC_IMPLICIT_RETAIN_SELF = YES;
				CLANG_WARN_OBJC_LITERAL_CONVERSION = YES;
				CLANG_WARN_OBJC_ROOT_CLASS = YES_ERROR;
				CLANG_WARN_QUOTED_INCLUDE_IN_FRAMEWORK_HEADER = YES;
				CLANG_WARN_RANGE_LOOP_ANALYSIS = YES;
				CLANG_WARN_STRICT_PROTOTYPES = YES;
				CLANG_WARN_SUSPICIOUS_MOVE = YES;
				CLANG_WARN_UNGUARDED_AVAILABILITY = YES_AGGRESSIVE;
				CLANG_WARN_UNREACHABLE_CODE = YES;
				CLANG_WARN__DUPLICATE_METHOD_MATCH = YES;
				COPY_PHASE_STRIP = NO;
				DEBUG_INFORMATION_FORMAT = "dwarf-with-dsym";
				ENABLE_NS_ASSERTIONS = NO;
				ENABLE_STRICT_OBJC_MSGSEND = YES;
				GCC_C_LANGUAGE_STANDARD = gnu11;
				GCC_NO_COMMON_BLOCKS = YES;
				GCC_WARN_64_TO_32_BIT_CONVERSION = YES;
				GCC_WARN_ABOUT_RETURN_TYPE = YES_ERROR;
				GCC_WARN_UNDECLARED_SELECTOR = YES;
				GCC_WARN_UNINITIALIZED_AUTOS = YES_AGGRESSIVE;
				GCC_WARN_UNUSED_FUNCTION = YES;
				GCC_WARN_UNUSED_VARIABLE = YES;
				MACOSX_DEPLOYMENT_TARGET = 12.3;
				MTL_ENABLE_DEBUG_INFO = NO;
				MTL_FAST_MATH = YES;
				SDKROOT = macosx;
				SWIFT_COMPILATION_MODE = wholemodule;
				SWIFT_OPTIMIZATION_LEVEL = "-O";
			};
			name = Release;
		};
		22652955286C17DE003895F2 /* Debug */ = {
			isa = XCBuildConfiguration;
			buildSettings = {
				ASSETCATALOG_COMPILER_APPICON_NAME = AppIcon;
				ASSETCATALOG_COMPILER_GLOBAL_ACCENT_COLOR_NAME = AccentColor;
				CODE_SIGN_ENTITLEMENTS = XiamiCal/XiamiCal.entitlements;
				CODE_SIGN_STYLE = Automatic;
				COMBINE_HIDPI_IMAGES = YES;
				CURRENT_PROJECT_VERSION = 1;
				DEVELOPMENT_ASSET_PATHS = "\"XiamiCal/Preview Content\"";
				DEVELOPMENT_TEAM = 2TFL2R42N7;
				ENABLE_HARDENED_RUNTIME = YES;
				ENABLE_PREVIEWS = YES;
				GENERATE_INFOPLIST_FILE = YES;
				INFOPLIST_FILE = XiamiCal/Info.plist;
				INFOPLIST_KEY_NSHumanReadableCopyright = "";
				LD_RUNPATH_SEARCH_PATHS = (
					"$(inherited)",
					"@executable_path/../Frameworks",
				);
				MARKETING_VERSION = 1.0;
				PRODUCT_BUNDLE_IDENTIFIER = win.tigaliang.XiamiCal;
				PRODUCT_NAME = "$(TARGET_NAME)";
				SWIFT_EMIT_LOC_STRINGS = YES;
				SWIFT_VERSION = 5.0;
			};
			name = Debug;
		};
		22652956286C17DE003895F2 /* Release */ = {
			isa = XCBuildConfiguration;
			buildSettings = {
				ASSETCATALOG_COMPILER_APPICON_NAME = AppIcon;
				ASSETCATALOG_COMPILER_GLOBAL_ACCENT_COLOR_NAME = AccentColor;
				CODE_SIGN_ENTITLEMENTS = XiamiCal/XiamiCal.entitlements;
				CODE_SIGN_STYLE = Automatic;
				COMBINE_HIDPI_IMAGES = YES;
				CURRENT_PROJECT_VERSION = 1;
				DEVELOPMENT_ASSET_PATHS = "\"XiamiCal/Preview Content\"";
				DEVELOPMENT_TEAM = 2TFL2R42N7;
				ENABLE_HARDENED_RUNTIME = YES;
				ENABLE_PREVIEWS = YES;
				GENERATE_INFOPLIST_FILE = YES;
				INFOPLIST_FILE = XiamiCal/Info.plist;
				INFOPLIST_KEY_NSHumanReadableCopyright = "";
				LD_RUNPATH_SEARCH_PATHS = (
					"$(inherited)",
					"@executable_path/../Frameworks",
				);
				MARKETING_VERSION = 1.0;
				PRODUCT_BUNDLE_IDENTIFIER = win.tigaliang.XiamiCal;
				PRODUCT_NAME = "$(TARGET_NAME)";
				SWIFT_EMIT_LOC_STRINGS = YES;
				SWIFT_VERSION = 5.0;
			};
			name = Release;
		};
/* End XCBuildConfiguration section */

/* Begin XCConfigurationList section */
		22652940286C17DC003895F2 /* Build configuration list for PBXProject "XiamiCal" */ = {
			isa = XCConfigurationList;
			buildConfigurations = (
				22652952286C17DE003895F2 /* Debug */,
				22652953286C17DE003895F2 /* Release */,
			);
			defaultConfigurationIsVisible = 0;
			defaultConfigurationName = Release;
		};
		22652954286C17DE003895F2 /* Build configuration list for PBXNativeTarget "XiamiCal" */ = {
			isa = XCConfigurationList;
			buildConfigurations = (
				22652955286C17DE003895F2 /* Debug */,
				22652956286C17DE003895F2 /* Release */,
			);
			defaultConfigurationIsVisible = 0;
			defaultConfigurationName = Release;
		};
/* End XCConfigurationList section */
	};
	rootObject = 2265293D286C17DC003895F2 /* Project object */;
}
